
Microsoft Visual Studio Solution File, Format Version 12.00
# Visual Studio 14
VisualStudioVersion = 14.0.24720.0
MinimumVisualStudioVersion = 10.0.40219.1
Project("{F2A71F9B-5D33-465A-A702-920D77279786}") = "BinomialDistribution.Tests", "BinomialDistribution.Tests\BinomialDistribution.Tests.fsproj", "{F665CC81-0B37-4DF6-8D13-9665D5887B3F}"
EndProject
Project("{2150E333-8FDC-42A3-9474-1A3956D46DE8}") = "Chapter02", "Chapter02", "{91C36268-EE4C-4F44-9BAD-589F73AB0E24}"
	ProjectSection(SolutionItems) = preProject
		chapter02notes.txt = chapter02notes.txt
	EndProjectSection
EndProject
Project("{F2A71F9B-5D33-465A-A702-920D77279786}") = "BinomialDistribution.Console", "BinomialDistribution.Console\BinomialDistribution.Console.fsproj", "{3AB323C5-F7A4-4DC5-B9EC-8051934D1E21}"
EndProject
Project("{2150E333-8FDC-42A3-9474-1A3956D46DE8}") = "Chapter03", "Chapter03", "{3EA8AD1E-EC58-44B8-AD13-65DBD9C4A4C8}"
EndProject
Project("{F2A71F9B-5D33-465A-A702-920D77279786}") = "Markdown.Console", "Markdown.Console\Markdown.Console.fsproj", "{4F6F83AC-0364-47A1-B787-E1C853793B34}"
EndProject
Project("{2150E333-8FDC-42A3-9474-1A3956D46DE8}") = "Chapter04", "Chapter04", "{4B869093-B196-4FC4-9FA2-5EB0E8AE7AF5}"
EndProject
Project("{F2A71F9B-5D33-465A-A702-920D77279786}") = "Financial.Console", "Financial.Console\Financial.Console.fsproj", "{C8C06153-3C74-458A-A633-4E4846515656}"
EndProject
Project("{2150E333-8FDC-42A3-9474-1A3956D46DE8}") = "Chapter05", "Chapter05", "{812A3440-07EF-41BB-BDC5-F4EC52862A88}"
EndProject
Project("{F2A71F9B-5D33-465A-A702-920D77279786}") = "SocialNetworks.Console", "SocialNetworks.Console\SocialNetworks.Console.fsproj", "{6AE1AA10-B78B-43D2-89BF-DC5C86C228C0}"
EndProject
Project("{2150E333-8FDC-42A3-9474-1A3956D46DE8}") = "Playground", "Playground", "{A76B7AD2-3A5A-433F-BE65-4AEB0DAC821D}"
EndProject
Project("{F2A71F9B-5D33-465A-A702-920D77279786}") = "Playground.Recursion", "Playground.Recursion\Playground.Recursion.fsproj", "{DAD37AC0-6844-4E02-9A9C-78A07C44F9F0}"
EndProject
Global
	GlobalSection(SolutionConfigurationPlatforms) = preSolution
		Debug|Any CPU = Debug|Any CPU
		Release|Any CPU = Release|Any CPU
	EndGlobalSection
	GlobalSection(ProjectConfigurationPlatforms) = postSolution
		{F665CC81-0B37-4DF6-8D13-9665D5887B3F}.Debug|Any CPU.ActiveCfg = Debug|Any CPU
		{F665CC81-0B37-4DF6-8D13-9665D5887B3F}.Debug|Any CPU.Build.0 = Debug|Any CPU
		{F665CC81-0B37-4DF6-8D13-9665D5887B3F}.Release|Any CPU.ActiveCfg = Release|Any CPU
		{F665CC81-0B37-4DF6-8D13-9665D5887B3F}.Release|Any CPU.Build.0 = Release|Any CPU
		{3AB323C5-F7A4-4DC5-B9EC-8051934D1E21}.Debug|Any CPU.ActiveCfg = Debug|Any CPU
		{3AB323C5-F7A4-4DC5-B9EC-8051934D1E21}.Debug|Any CPU.Build.0 = Debug|Any CPU
		{3AB323C5-F7A4-4DC5-B9EC-8051934D1E21}.Release|Any CPU.ActiveCfg = Release|Any CPU
		{3AB323C5-F7A4-4DC5-B9EC-8051934D1E21}.Release|Any CPU.Build.0 = Release|Any CPU
		{4F6F83AC-0364-47A1-B787-E1C853793B34}.Debug|Any CPU.ActiveCfg = Debug|Any CPU
		{4F6F83AC-0364-47A1-B787-E1C853793B34}.Debug|Any CPU.Build.0 = Debug|Any CPU
		{4F6F83AC-0364-47A1-B787-E1C853793B34}.Release|Any CPU.ActiveCfg = Release|Any CPU
		{4F6F83AC-0364-47A1-B787-E1C853793B34}.Release|Any CPU.Build.0 = Release|Any CPU
		{C8C06153-3C74-458A-A633-4E4846515656}.Debug|Any CPU.ActiveCfg = Debug|Any CPU
		{C8C06153-3C74-458A-A633-4E4846515656}.Debug|Any CPU.Build.0 = Debug|Any CPU
		{C8C06153-3C74-458A-A633-4E4846515656}.Release|Any CPU.ActiveCfg = Release|Any CPU
		{C8C06153-3C74-458A-A633-4E4846515656}.Release|Any CPU.Build.0 = Release|Any CPU
		{6AE1AA10-B78B-43D2-89BF-DC5C86C228C0}.Debug|Any CPU.ActiveCfg = Debug|Any CPU
		{6AE1AA10-B78B-43D2-89BF-DC5C86C228C0}.Debug|Any CPU.Build.0 = Debug|Any CPU
		{6AE1AA10-B78B-43D2-89BF-DC5C86C228C0}.Release|Any CPU.ActiveCfg = Release|Any CPU
		{6AE1AA10-B78B-43D2-89BF-DC5C86C228C0}.Release|Any CPU.Build.0 = Release|Any CPU
		{DAD37AC0-6844-4E02-9A9C-78A07C44F9F0}.Debug|Any CPU.ActiveCfg = Debug|Any CPU
		{DAD37AC0-6844-4E02-9A9C-78A07C44F9F0}.Debug|Any CPU.Build.0 = Debug|Any CPU
		{DAD37AC0-6844-4E02-9A9C-78A07C44F9F0}.Release|Any CPU.ActiveCfg = Release|Any CPU
		{DAD37AC0-6844-4E02-9A9C-78A07C44F9F0}.Release|Any CPU.Build.0 = Release|Any CPU
	EndGlobalSection
	GlobalSection(SolutionProperties) = preSolution
		HideSolutionNode = FALSE
	EndGlobalSection
	GlobalSection(NestedProjects) = preSolution
		{F665CC81-0B37-4DF6-8D13-9665D5887B3F} = {91C36268-EE4C-4F44-9BAD-589F73AB0E24}
		{3AB323C5-F7A4-4DC5-B9EC-8051934D1E21} = {91C36268-EE4C-4F44-9BAD-589F73AB0E24}
		{4F6F83AC-0364-47A1-B787-E1C853793B34} = {3EA8AD1E-EC58-44B8-AD13-65DBD9C4A4C8}
		{C8C06153-3C74-458A-A633-4E4846515656} = {4B869093-B196-4FC4-9FA2-5EB0E8AE7AF5}
		{6AE1AA10-B78B-43D2-89BF-DC5C86C228C0} = {812A3440-07EF-41BB-BDC5-F4EC52862A88}
		{DAD37AC0-6844-4E02-9A9C-78A07C44F9F0} = {A76B7AD2-3A5A-433F-BE65-4AEB0DAC821D}
	EndGlobalSection
EndGlobal
